{
  "name": "api",
  "version": "1.0.0",
  "lockfileVersion": 3,
  "requires": true,
  "packages": {
    "": {
      "name": "api",
      "version": "1.0.0",
      "dependencies": {
        "coffeescript": "~1.6.3"
      },
      "devDependencies": {}
    },
    "node_modules/coffeescript": {
      "version": "1.6.3",
      "resolved": "https://registry.npmjs.org/coffeescript/-/coffeescript-1.6.3.tgz",
      "integrity": "sha512-0yrF6eG4bzTMkTNEQDMyM3Vx7n1q/SPTJEgnkubfxNQezhJ+NkF8ouuh92x7Swd4zmE4F/QHpV0iUCBB4LuRIg==",
      "bin": {
        "cake": "bin/cake",
        "coffee": "bin/coffee"
      },
      "engines": {
        "node": ">=0.8.0"
      }
    }
  }
}
